// !$*UTF8*$!
{
	archiveVersion = 1;
	classes = {
	};
	objectVersion = 51;
	objects = {

/* Begin PBXBuildFile section */
		550651AB2403C92900F71A75 /* (null) in Embed Frameworks */ = {isa = PBXBuildFile; settings = {ATTRIBUTES = (CodeSignOnCopy, RemoveHeadersOnCopy, ); }; };
		550680702410DE96009A3F93 /* RatePlaceViewController.swift in Sources */ = {isa = PBXBuildFile; fileRef = 5506806F2410DE96009A3F93 /* RatePlaceViewController.swift */; };
		550D313A23DE3ED800927EA9 /* AppDelegate.swift in Sources */ = {isa = PBXBuildFile; fileRef = 550D313923DE3ED800927EA9 /* AppDelegate.swift */; };
		550D313C23DE3ED800927EA9 /* SceneDelegate.swift in Sources */ = {isa = PBXBuildFile; fileRef = 550D313B23DE3ED800927EA9 /* SceneDelegate.swift */; };
		550D314123DE3ED800927EA9 /* Main.storyboard in Resources */ = {isa = PBXBuildFile; fileRef = 550D313F23DE3ED800927EA9 /* Main.storyboard */; };
		550D314423DE3ED800927EA9 /* FocusMode.xcdatamodeld in Sources */ = {isa = PBXBuildFile; fileRef = 550D314223DE3ED800927EA9 /* FocusMode.xcdatamodeld */; };
		550D314623DE3ED900927EA9 /* Assets.xcassets in Resources */ = {isa = PBXBuildFile; fileRef = 550D314523DE3ED900927EA9 /* Assets.xcassets */; };
		550D314923DE3ED900927EA9 /* LaunchScreen.storyboard in Resources */ = {isa = PBXBuildFile; fileRef = 550D314723DE3ED900927EA9 /* LaunchScreen.storyboard */; };
		5532048E23ED107900EC869B /* Profile.swift in Sources */ = {isa = PBXBuildFile; fileRef = 5532048D23ED107900EC869B /* Profile.swift */; };
		5550A0BB23E33A2400AD4034 /* TaskTableViewController.swift in Sources */ = {isa = PBXBuildFile; fileRef = 5550A0BA23E33A2400AD4034 /* TaskTableViewController.swift */; };
		5550A0BE23E33AF400AD4034 /* TaskCell.swift in Sources */ = {isa = PBXBuildFile; fileRef = 5550A0BD23E33AF400AD4034 /* TaskCell.swift */; };
		555A328A240A2F2000E20EED /* Counter.swift in Sources */ = {isa = PBXBuildFile; fileRef = 555A3289240A2F2000E20EED /* Counter.swift */; };
		555ACAB923EC9CFD000EF3AC /* DateTime.swift in Sources */ = {isa = PBXBuildFile; fileRef = 555ACAB823EC9CFD000EF3AC /* DateTime.swift */; };
		5578E6C32402383100459D6A /* GPS.swift in Sources */ = {isa = PBXBuildFile; fileRef = 5578E6C22402383100459D6A /* GPS.swift */; };
		557C8B4623ECF5CF00B1B2D2 /* AuthListener.swift in Sources */ = {isa = PBXBuildFile; fileRef = 557C8B4523ECF5CF00B1B2D2 /* AuthListener.swift */; };
		55808CFA240452FF00CB8FFB /* SeeAllTableViewController.swift in Sources */ = {isa = PBXBuildFile; fileRef = 55808CF9240452FF00CB8FFB /* SeeAllTableViewController.swift */; };
		55808CFC240455DD00CB8FFB /* PlaceCell.swift in Sources */ = {isa = PBXBuildFile; fileRef = 55808CFB240455DD00CB8FFB /* PlaceCell.swift */; };
		55808CFE2404583800CB8FFB /* RatingViewController.swift in Sources */ = {isa = PBXBuildFile; fileRef = 55808CFD2404583800CB8FFB /* RatingViewController.swift */; };
		558850912403C6FA00D92AEF /* HealthKit.framework in Frameworks */ = {isa = PBXBuildFile; fileRef = 55A44CBD24037358004304EB /* HealthKit.framework */; };
		558AF88223E33C0B00940DEA /* TaskDetailsViewController.swift in Sources */ = {isa = PBXBuildFile; fileRef = 558AF88123E33C0B00940DEA /* TaskDetailsViewController.swift */; };
		5592388323DE425B00DDC774 /* WelcomeViewController.swift in Sources */ = {isa = PBXBuildFile; fileRef = 5592388223DE425B00DDC774 /* WelcomeViewController.swift */; };
		5592CB6A23E7FC7B002B313C /* TaskBeginViewController.swift in Sources */ = {isa = PBXBuildFile; fileRef = 5592CB6923E7FC7B002B313C /* TaskBeginViewController.swift */; };
		5599797A2404B4FB000484A7 /* Place.swift in Sources */ = {isa = PBXBuildFile; fileRef = 559979792404B4FB000484A7 /* Place.swift */; };
		55A196A423DFA8760034A256 /* Task.swift in Sources */ = {isa = PBXBuildFile; fileRef = 55A196A323DFA8760034A256 /* Task.swift */; };
		55A44CC124038B01004304EB /* HealthKitManager.swift in Sources */ = {isa = PBXBuildFile; fileRef = 55A44CC024038B01004304EB /* HealthKitManager.swift */; };
		55A44CC52403BC72004304EB /* PlaceTableViewCell.swift in Sources */ = {isa = PBXBuildFile; fileRef = 55A44CC42403BC72004304EB /* PlaceTableViewCell.swift */; };
		55B6C4DB23E00BCE00EA22DF /* SignUpViewController.swift in Sources */ = {isa = PBXBuildFile; fileRef = 55B6C4DA23E00BCE00EA22DF /* SignUpViewController.swift */; };
		55B6C4DD23E00BF000EA22DF /* SignInViewController.swift in Sources */ = {isa = PBXBuildFile; fileRef = 55B6C4DC23E00BF000EA22DF /* SignInViewController.swift */; };
		55B6C4DF23E0227200EA22DF /* ProfileViewController.swift in Sources */ = {isa = PBXBuildFile; fileRef = 55B6C4DE23E0227200EA22DF /* ProfileViewController.swift */; };
		55B7895823DFDB0800C7E2BB /* GoogleService-Info.plist in Resources */ = {isa = PBXBuildFile; fileRef = 55B7895723DFDB0800C7E2BB /* GoogleService-Info.plist */; };
		55CDA66524033657006E80C0 /* Places.swift in Sources */ = {isa = PBXBuildFile; fileRef = 55CDA66424033657006E80C0 /* Places.swift */; };
		55D4B8D423EBD09600914112 /* Weather.swift in Sources */ = {isa = PBXBuildFile; fileRef = 55D4B8D323EBD09600914112 /* Weather.swift */; };
		55D4B8D923EBD97B00914112 /* Constants.swift in Sources */ = {isa = PBXBuildFile; fileRef = 55D4B8D823EBD97B00914112 /* Constants.swift */; };
		55EBDEB623EBFC2000907856 /* Database.swift in Sources */ = {isa = PBXBuildFile; fileRef = 55EBDEB523EBFC2000907856 /* Database.swift */; };
		55EC12D5240320E5001DEFC7 /* PlacesTableViewController.swift in Sources */ = {isa = PBXBuildFile; fileRef = 55EC12D4240320E5001DEFC7 /* PlacesTableViewController.swift */; };
		55F71EEF23ECB056006D3EC0 /* Prediction.swift in Sources */ = {isa = PBXBuildFile; fileRef = 55F71EEE23ECB056006D3EC0 /* Prediction.swift */; };
		55F71EF323ECB3B7006D3EC0 /* Location.swift in Sources */ = {isa = PBXBuildFile; fileRef = 55F71EF223ECB3B7006D3EC0 /* Location.swift */; };
		C4CAD5D379D9849A4B402E9B /* libPods-FocusMode.a in Frameworks */ = {isa = PBXBuildFile; fileRef = 7840A56226D0E68EAE96E034 /* libPods-FocusMode.a */; };
/* End PBXBuildFile section */

/* Begin PBXCopyFilesBuildPhase section */
		550651AC2403C92900F71A75 /* Embed Frameworks */ = {
			isa = PBXCopyFilesBuildPhase;
			buildActionMask = 2147483647;
			dstPath = "";
			dstSubfolderSpec = 10;
			files = (
				550651AB2403C92900F71A75 /* (null) in Embed Frameworks */,
			);
			name = "Embed Frameworks";
			runOnlyForDeploymentPostprocessing = 0;
		};
/* End PBXCopyFilesBuildPhase section */

/* Begin PBXFileReference section */
		187CCE396F97DE8A1BF16A2D /* Pods-FocusMode.release.xcconfig */ = {isa = PBXFileReference; includeInIndex = 1; lastKnownFileType = text.xcconfig; name = "Pods-FocusMode.release.xcconfig"; path = "Target Support Files/Pods-FocusMode/Pods-FocusMode.release.xcconfig"; sourceTree = "<group>"; };
		5506806F2410DE96009A3F93 /* RatePlaceViewController.swift */ = {isa = PBXFileReference; lastKnownFileType = sourcecode.swift; path = RatePlaceViewController.swift; sourceTree = "<group>"; };
		550D313623DE3ED800927EA9 /* FocusMode.app */ = {isa = PBXFileReference; explicitFileType = wrapper.application; includeInIndex = 0; path = FocusMode.app; sourceTree = BUILT_PRODUCTS_DIR; };
		550D313923DE3ED800927EA9 /* AppDelegate.swift */ = {isa = PBXFileReference; lastKnownFileType = sourcecode.swift; path = AppDelegate.swift; sourceTree = "<group>"; };
		550D313B23DE3ED800927EA9 /* SceneDelegate.swift */ = {isa = PBXFileReference; lastKnownFileType = sourcecode.swift; path = SceneDelegate.swift; sourceTree = "<group>"; };
		550D314023DE3ED800927EA9 /* Base */ = {isa = PBXFileReference; lastKnownFileType = file.storyboard; name = Base; path = Base.lproj/Main.storyboard; sourceTree = "<group>"; };
		550D314323DE3ED800927EA9 /* FocusMode.xcdatamodel */ = {isa = PBXFileReference; lastKnownFileType = wrapper.xcdatamodel; path = FocusMode.xcdatamodel; sourceTree = "<group>"; };
		550D314523DE3ED900927EA9 /* Assets.xcassets */ = {isa = PBXFileReference; lastKnownFileType = folder.assetcatalog; path = Assets.xcassets; sourceTree = "<group>"; };
		550D314823DE3ED900927EA9 /* Base */ = {isa = PBXFileReference; lastKnownFileType = file.storyboard; name = Base; path = Base.lproj/LaunchScreen.storyboard; sourceTree = "<group>"; };
		550D314A23DE3ED900927EA9 /* Info.plist */ = {isa = PBXFileReference; lastKnownFileType = text.plist.xml; path = Info.plist; sourceTree = "<group>"; };
		5532048D23ED107900EC869B /* Profile.swift */ = {isa = PBXFileReference; lastKnownFileType = sourcecode.swift; path = Profile.swift; sourceTree = "<group>"; };
		5550A0BA23E33A2400AD4034 /* TaskTableViewController.swift */ = {isa = PBXFileReference; lastKnownFileType = sourcecode.swift; path = TaskTableViewController.swift; sourceTree = "<group>"; };
		5550A0BD23E33AF400AD4034 /* TaskCell.swift */ = {isa = PBXFileReference; lastKnownFileType = sourcecode.swift; path = TaskCell.swift; sourceTree = "<group>"; };
		555A3289240A2F2000E20EED /* Counter.swift */ = {isa = PBXFileReference; lastKnownFileType = sourcecode.swift; path = Counter.swift; sourceTree = "<group>"; };
		555ACAB823EC9CFD000EF3AC /* DateTime.swift */ = {isa = PBXFileReference; lastKnownFileType = sourcecode.swift; path = DateTime.swift; sourceTree = "<group>"; };
		5578E6C22402383100459D6A /* GPS.swift */ = {isa = PBXFileReference; lastKnownFileType = sourcecode.swift; path = GPS.swift; sourceTree = "<group>"; };
		557C8B4523ECF5CF00B1B2D2 /* AuthListener.swift */ = {isa = PBXFileReference; lastKnownFileType = sourcecode.swift; path = AuthListener.swift; sourceTree = "<group>"; };
		55808CF9240452FF00CB8FFB /* SeeAllTableViewController.swift */ = {isa = PBXFileReference; lastKnownFileType = sourcecode.swift; path = SeeAllTableViewController.swift; sourceTree = "<group>"; };
		55808CFB240455DD00CB8FFB /* PlaceCell.swift */ = {isa = PBXFileReference; lastKnownFileType = sourcecode.swift; path = PlaceCell.swift; sourceTree = "<group>"; };
		55808CFD2404583800CB8FFB /* RatingViewController.swift */ = {isa = PBXFileReference; lastKnownFileType = sourcecode.swift; path = RatingViewController.swift; sourceTree = "<group>"; };
		558AF88123E33C0B00940DEA /* TaskDetailsViewController.swift */ = {isa = PBXFileReference; lastKnownFileType = sourcecode.swift; path = TaskDetailsViewController.swift; sourceTree = "<group>"; };
		5592388223DE425B00DDC774 /* WelcomeViewController.swift */ = {isa = PBXFileReference; lastKnownFileType = sourcecode.swift; path = WelcomeViewController.swift; sourceTree = "<group>"; };
		5592CB6923E7FC7B002B313C /* TaskBeginViewController.swift */ = {isa = PBXFileReference; lastKnownFileType = sourcecode.swift; path = TaskBeginViewController.swift; sourceTree = "<group>"; };
		559979792404B4FB000484A7 /* Place.swift */ = {isa = PBXFileReference; lastKnownFileType = sourcecode.swift; path = Place.swift; sourceTree = "<group>"; };
		55A196A323DFA8760034A256 /* Task.swift */ = {isa = PBXFileReference; lastKnownFileType = sourcecode.swift; path = Task.swift; sourceTree = "<group>"; };
		55A44CBD24037358004304EB /* HealthKit.framework */ = {isa = PBXFileReference; lastKnownFileType = wrapper.framework; name = HealthKit.framework; path = System/Library/Frameworks/HealthKit.framework; sourceTree = SDKROOT; };
		55A44CC024038B01004304EB /* HealthKitManager.swift */ = {isa = PBXFileReference; lastKnownFileType = sourcecode.swift; path = HealthKitManager.swift; sourceTree = "<group>"; };
		55A44CC324039B85004304EB /* FocusMode.entitlements */ = {isa = PBXFileReference; fileEncoding = 4; lastKnownFileType = text.plist.entitlements; path = FocusMode.entitlements; sourceTree = "<group>"; };
		55A44CC42403BC72004304EB /* PlaceTableViewCell.swift */ = {isa = PBXFileReference; lastKnownFileType = sourcecode.swift; path = PlaceTableViewCell.swift; sourceTree = "<group>"; };
		55B6C4DA23E00BCE00EA22DF /* SignUpViewController.swift */ = {isa = PBXFileReference; lastKnownFileType = sourcecode.swift; path = SignUpViewController.swift; sourceTree = "<group>"; };
		55B6C4DC23E00BF000EA22DF /* SignInViewController.swift */ = {isa = PBXFileReference; lastKnownFileType = sourcecode.swift; path = SignInViewController.swift; sourceTree = "<group>"; };
		55B6C4DE23E0227200EA22DF /* ProfileViewController.swift */ = {isa = PBXFileReference; lastKnownFileType = sourcecode.swift; path = ProfileViewController.swift; sourceTree = "<group>"; };
		55B7895723DFDB0800C7E2BB /* GoogleService-Info.plist */ = {isa = PBXFileReference; fileEncoding = 4; lastKnownFileType = text.plist.xml; path = "GoogleService-Info.plist"; sourceTree = "<group>"; };
		55CDA66424033657006E80C0 /* Places.swift */ = {isa = PBXFileReference; lastKnownFileType = sourcecode.swift; path = Places.swift; sourceTree = "<group>"; };
		55D4B8D323EBD09600914112 /* Weather.swift */ = {isa = PBXFileReference; lastKnownFileType = sourcecode.swift; path = Weather.swift; sourceTree = "<group>"; };
		55D4B8D823EBD97B00914112 /* Constants.swift */ = {isa = PBXFileReference; lastKnownFileType = sourcecode.swift; path = Constants.swift; sourceTree = "<group>"; };
		55EBDEB523EBFC2000907856 /* Database.swift */ = {isa = PBXFileReference; lastKnownFileType = sourcecode.swift; path = Database.swift; sourceTree = "<group>"; };
		55EC12D4240320E5001DEFC7 /* PlacesTableViewController.swift */ = {isa = PBXFileReference; lastKnownFileType = sourcecode.swift; path = PlacesTableViewController.swift; sourceTree = "<group>"; };
		55F71EEE23ECB056006D3EC0 /* Prediction.swift */ = {isa = PBXFileReference; lastKnownFileType = sourcecode.swift; path = Prediction.swift; sourceTree = "<group>"; };
		55F71EF223ECB3B7006D3EC0 /* Location.swift */ = {isa = PBXFileReference; lastKnownFileType = sourcecode.swift; path = Location.swift; sourceTree = "<group>"; };
		7840A56226D0E68EAE96E034 /* libPods-FocusMode.a */ = {isa = PBXFileReference; explicitFileType = archive.ar; includeInIndex = 0; path = "libPods-FocusMode.a"; sourceTree = BUILT_PRODUCTS_DIR; };
		B8D0E84B9D6F4952419D0F0F /* Pods-FocusMode.debug.xcconfig */ = {isa = PBXFileReference; includeInIndex = 1; lastKnownFileType = text.xcconfig; name = "Pods-FocusMode.debug.xcconfig"; path = "Target Support Files/Pods-FocusMode/Pods-FocusMode.debug.xcconfig"; sourceTree = "<group>"; };
/* End PBXFileReference section */

/* Begin PBXFrameworksBuildPhase section */
		550D313323DE3ED800927EA9 /* Frameworks */ = {
			isa = PBXFrameworksBuildPhase;
			buildActionMask = 2147483647;
			files = (
				558850912403C6FA00D92AEF /* HealthKit.framework in Frameworks */,
				C4CAD5D379D9849A4B402E9B /* libPods-FocusMode.a in Frameworks */,
			);
			runOnlyForDeploymentPostprocessing = 0;
		};
/* End PBXFrameworksBuildPhase section */

/* Begin PBXGroup section */
		415595C73CEB38FADC4FC1A6 /* Pods */ = {
			isa = PBXGroup;
			children = (
				B8D0E84B9D6F4952419D0F0F /* Pods-FocusMode.debug.xcconfig */,
				187CCE396F97DE8A1BF16A2D /* Pods-FocusMode.release.xcconfig */,
			);
			path = Pods;
			sourceTree = "<group>";
		};
		550D312D23DE3ED800927EA9 = {
			isa = PBXGroup;
			children = (
				550D313823DE3ED800927EA9 /* FocusMode */,
				550D313723DE3ED800927EA9 /* Products */,
				415595C73CEB38FADC4FC1A6 /* Pods */,
				64BCB15C5C3CF525A08E48B3 /* Frameworks */,
			);
			sourceTree = "<group>";
		};
		550D313723DE3ED800927EA9 /* Products */ = {
			isa = PBXGroup;
			children = (
				550D313623DE3ED800927EA9 /* FocusMode.app */,
			);
			name = Products;
			sourceTree = "<group>";
		};
		550D313823DE3ED800927EA9 /* FocusMode */ = {
			isa = PBXGroup;
			children = (
				550D313F23DE3ED800927EA9 /* Main.storyboard */,
				550D314723DE3ED900927EA9 /* LaunchScreen.storyboard */,
				55164EA223DE403300ED78CD /* Controllers */,
				5550A0BC23E33AC600AD4034 /* Views */,
				55A196A023DFA77F0034A256 /* Models */,
				55D4B8CC23EBCD2C00914112 /* API */,
				55D4B8D723EBD93700914112 /* Constants */,
				550D313923DE3ED800927EA9 /* AppDelegate.swift */,
				550D313B23DE3ED800927EA9 /* SceneDelegate.swift */,
				550D314523DE3ED900927EA9 /* Assets.xcassets */,
				55A44CC324039B85004304EB /* FocusMode.entitlements */,
				55B7895723DFDB0800C7E2BB /* GoogleService-Info.plist */,
				550D314A23DE3ED900927EA9 /* Info.plist */,
				550D314223DE3ED800927EA9 /* FocusMode.xcdatamodeld */,
			);
			path = FocusMode;
			sourceTree = "<group>";
		};
		55164EA223DE403300ED78CD /* Controllers */ = {
			isa = PBXGroup;
			children = (
				5592388223DE425B00DDC774 /* WelcomeViewController.swift */,
				55B6C4DA23E00BCE00EA22DF /* SignUpViewController.swift */,
				55B6C4DC23E00BF000EA22DF /* SignInViewController.swift */,
				55B6C4DE23E0227200EA22DF /* ProfileViewController.swift */,
				5550A0BA23E33A2400AD4034 /* TaskTableViewController.swift */,
				558AF88123E33C0B00940DEA /* TaskDetailsViewController.swift */,
				5592CB6923E7FC7B002B313C /* TaskBeginViewController.swift */,
				55EC12D4240320E5001DEFC7 /* PlacesTableViewController.swift */,
				55808CF9240452FF00CB8FFB /* SeeAllTableViewController.swift */,
				55808CFD2404583800CB8FFB /* RatingViewController.swift */,
				5506806F2410DE96009A3F93 /* RatePlaceViewController.swift */,
			);
			path = Controllers;
			sourceTree = "<group>";
		};
		5550A0BC23E33AC600AD4034 /* Views */ = {
			isa = PBXGroup;
			children = (
				5550A0BD23E33AF400AD4034 /* TaskCell.swift */,
				55A44CC42403BC72004304EB /* PlaceTableViewCell.swift */,
				55808CFB240455DD00CB8FFB /* PlaceCell.swift */,
			);
			path = Views;
			sourceTree = "<group>";
		};
		55A196A023DFA77F0034A256 /* Models */ = {
			isa = PBXGroup;
			children = (
				55A196A323DFA8760034A256 /* Task.swift */,
				555ACAB823EC9CFD000EF3AC /* DateTime.swift */,
				55F71EF223ECB3B7006D3EC0 /* Location.swift */,
				5532048D23ED107900EC869B /* Profile.swift */,
				559979792404B4FB000484A7 /* Place.swift */,
				555A3289240A2F2000E20EED /* Counter.swift */,
			);
			path = Models;
			sourceTree = "<group>";
		};
		55D4B8CC23EBCD2C00914112 /* API */ = {
			isa = PBXGroup;
			children = (
				55D4B8D323EBD09600914112 /* Weather.swift */,
				55EBDEB523EBFC2000907856 /* Database.swift */,
				55F71EEE23ECB056006D3EC0 /* Prediction.swift */,
				557C8B4523ECF5CF00B1B2D2 /* AuthListener.swift */,
				5578E6C22402383100459D6A /* GPS.swift */,
				55CDA66424033657006E80C0 /* Places.swift */,
				55A44CC024038B01004304EB /* HealthKitManager.swift */,
			);
			path = API;
			sourceTree = "<group>";
		};
		55D4B8D723EBD93700914112 /* Constants */ = {
			isa = PBXGroup;
			children = (
				55D4B8D823EBD97B00914112 /* Constants.swift */,
			);
			path = Constants;
			sourceTree = "<group>";
		};
		64BCB15C5C3CF525A08E48B3 /* Frameworks */ = {
			isa = PBXGroup;
			children = (
				55A44CBD24037358004304EB /* HealthKit.framework */,
				7840A56226D0E68EAE96E034 /* libPods-FocusMode.a */,
			);
			name = Frameworks;
			sourceTree = "<group>";
		};
/* End PBXGroup section */

/* Begin PBXNativeTarget section */
		550D313523DE3ED800927EA9 /* FocusMode */ = {
			isa = PBXNativeTarget;
			buildConfigurationList = 550D314D23DE3ED900927EA9 /* Build configuration list for PBXNativeTarget "FocusMode" */;
			buildPhases = (
				D2CA2717C5F136D2583ED4F6 /* [CP] Check Pods Manifest.lock */,
				550D313223DE3ED800927EA9 /* Sources */,
				550D313323DE3ED800927EA9 /* Frameworks */,
				550D313423DE3ED800927EA9 /* Resources */,
				550651AC2403C92900F71A75 /* Embed Frameworks */,
				0431019DDD4DAC9D387F1E58 /* [CP] Copy Pods Resources */,
			);
			buildRules = (
			);
			dependencies = (
			);
			name = FocusMode;
			productName = FocusMode;
			productReference = 550D313623DE3ED800927EA9 /* FocusMode.app */;
			productType = "com.apple.product-type.application";
		};
/* End PBXNativeTarget section */

/* Begin PBXProject section */
		550D312E23DE3ED800927EA9 /* Project object */ = {
			isa = PBXProject;
			attributes = {
				LastSwiftUpdateCheck = 1130;
				LastUpgradeCheck = 1130;
				ORGANIZATIONNAME = "Rajwinder Singh";
				TargetAttributes = {
					550D313523DE3ED800927EA9 = {
						CreatedOnToolsVersion = 11.3.1;
					};
				};
			};
			buildConfigurationList = 550D313123DE3ED800927EA9 /* Build configuration list for PBXProject "FocusMode" */;
			compatibilityVersion = "Xcode 9.3";
			developmentRegion = en;
			hasScannedForEncodings = 0;
			knownRegions = (
				en,
				Base,
			);
			mainGroup = 550D312D23DE3ED800927EA9;
			productRefGroup = 550D313723DE3ED800927EA9 /* Products */;
			projectDirPath = "";
			projectRoot = "";
			targets = (
				550D313523DE3ED800927EA9 /* FocusMode */,
			);
		};
/* End PBXProject section */

/* Begin PBXResourcesBuildPhase section */
		550D313423DE3ED800927EA9 /* Resources */ = {
			isa = PBXResourcesBuildPhase;
			buildActionMask = 2147483647;
			files = (
				550D314923DE3ED900927EA9 /* LaunchScreen.storyboard in Resources */,
				55B7895823DFDB0800C7E2BB /* GoogleService-Info.plist in Resources */,
				550D314623DE3ED900927EA9 /* Assets.xcassets in Resources */,
				550D314123DE3ED800927EA9 /* Main.storyboard in Resources */,
			);
			runOnlyForDeploymentPostprocessing = 0;
		};
/* End PBXResourcesBuildPhase section */

/* Begin PBXShellScriptBuildPhase section */
		0431019DDD4DAC9D387F1E58 /* [CP] Copy Pods Resources */ = {
			isa = PBXShellScriptBuildPhase;
			buildActionMask = 2147483647;
			files = (
			);
			inputFileListPaths = (
				"${PODS_ROOT}/Target Support Files/Pods-FocusMode/Pods-FocusMode-resources-${CONFIGURATION}-input-files.xcfilelist",
			);
			name = "[CP] Copy Pods Resources";
			outputFileListPaths = (
				"${PODS_ROOT}/Target Support Files/Pods-FocusMode/Pods-FocusMode-resources-${CONFIGURATION}-output-files.xcfilelist",
			);
			runOnlyForDeploymentPostprocessing = 0;
			shellPath = /bin/sh;
			shellScript = "\"${PODS_ROOT}/Target Support Files/Pods-FocusMode/Pods-FocusMode-resources.sh\"\n";
			showEnvVarsInLog = 0;
		};
		D2CA2717C5F136D2583ED4F6 /* [CP] Check Pods Manifest.lock */ = {
			isa = PBXShellScriptBuildPhase;
			buildActionMask = 2147483647;
			files = (
			);
			inputFileListPaths = (
			);
			inputPaths = (
				"${PODS_PODFILE_DIR_PATH}/Podfile.lock",
				"${PODS_ROOT}/Manifest.lock",
			);
			name = "[CP] Check Pods Manifest.lock";
			outputFileListPaths = (
			);
			outputPaths = (
				"$(DERIVED_FILE_DIR)/Pods-FocusMode-checkManifestLockResult.txt",
			);
			runOnlyForDeploymentPostprocessing = 0;
			shellPath = /bin/sh;
			shellScript = "diff \"${PODS_PODFILE_DIR_PATH}/Podfile.lock\" \"${PODS_ROOT}/Manifest.lock\" > /dev/null\nif [ $? != 0 ] ; then\n    # print error to STDERR\n    echo \"error: The sandbox is not in sync with the Podfile.lock. Run 'pod install' or update your CocoaPods installation.\" >&2\n    exit 1\nfi\n# This output is used by Xcode 'outputs' to avoid re-running this script phase.\necho \"SUCCESS\" > \"${SCRIPT_OUTPUT_FILE_0}\"\n";
			showEnvVarsInLog = 0;
		};
/* End PBXShellScriptBuildPhase section */

/* Begin PBXSourcesBuildPhase section */
		550D313223DE3ED800927EA9 /* Sources */ = {
			isa = PBXSourcesBuildPhase;
			buildActionMask = 2147483647;
			files = (
				5550A0BB23E33A2400AD4034 /* TaskTableViewController.swift in Sources */,
				550680702410DE96009A3F93 /* RatePlaceViewController.swift in Sources */,
				5599797A2404B4FB000484A7 /* Place.swift in Sources */,
				55D4B8D923EBD97B00914112 /* Constants.swift in Sources */,
				55A44CC124038B01004304EB /* HealthKitManager.swift in Sources */,
				55808CFA240452FF00CB8FFB /* SeeAllTableViewController.swift in Sources */,
				55D4B8D423EBD09600914112 /* Weather.swift in Sources */,
				5592388323DE425B00DDC774 /* WelcomeViewController.swift in Sources */,
				55B6C4DB23E00BCE00EA22DF /* SignUpViewController.swift in Sources */,
				550D313A23DE3ED800927EA9 /* AppDelegate.swift in Sources */,
				550D313C23DE3ED800927EA9 /* SceneDelegate.swift in Sources */,
				55EC12D5240320E5001DEFC7 /* PlacesTableViewController.swift in Sources */,
				55A44CC52403BC72004304EB /* PlaceTableViewCell.swift in Sources */,
				55B6C4DD23E00BF000EA22DF /* SignInViewController.swift in Sources */,
				55F71EF323ECB3B7006D3EC0 /* Location.swift in Sources */,
				55808CFE2404583800CB8FFB /* RatingViewController.swift in Sources */,
				5532048E23ED107900EC869B /* Profile.swift in Sources */,
				5550A0BE23E33AF400AD4034 /* TaskCell.swift in Sources */,
				55B6C4DF23E0227200EA22DF /* ProfileViewController.swift in Sources */,
				557C8B4623ECF5CF00B1B2D2 /* AuthListener.swift in Sources */,
				55F71EEF23ECB056006D3EC0 /* Prediction.swift in Sources */,
				555A328A240A2F2000E20EED /* Counter.swift in Sources */,
				55A196A423DFA8760034A256 /* Task.swift in Sources */,
				55CDA66524033657006E80C0 /* Places.swift in Sources */,
				5592CB6A23E7FC7B002B313C /* TaskBeginViewController.swift in Sources */,
				558AF88223E33C0B00940DEA /* TaskDetailsViewController.swift in Sources */,
				550D314423DE3ED800927EA9 /* FocusMode.xcdatamodeld in Sources */,
				55EBDEB623EBFC2000907856 /* Database.swift in Sources */,
				555ACAB923EC9CFD000EF3AC /* DateTime.swift in Sources */,
				5578E6C32402383100459D6A /* GPS.swift in Sources */,
				55808CFC240455DD00CB8FFB /* PlaceCell.swift in Sources */,
			);
			runOnlyForDeploymentPostprocessing = 0;
		};
/* End PBXSourcesBuildPhase section */

/* Begin PBXVariantGroup section */
		550D313F23DE3ED800927EA9 /* Main.storyboard */ = {
			isa = PBXVariantGroup;
			children = (
				550D314023DE3ED800927EA9 /* Base */,
			);
			name = Main.storyboard;
			sourceTree = "<group>";
		};
		550D314723DE3ED900927EA9 /* LaunchScreen.storyboard */ = {
			isa = PBXVariantGroup;
			children = (
				550D314823DE3ED900927EA9 /* Base */,
			);
			name = LaunchScreen.storyboard;
			sourceTree = "<group>";
		};
/* End PBXVariantGroup section */

/* Begin XCBuildConfiguration section */
		550D314B23DE3ED900927EA9 /* Debug */ = {
			isa = XCBuildConfiguration;
			buildSettings = {
				ALWAYS_SEARCH_USER_PATHS = NO;
				CLANG_ANALYZER_NONNULL = YES;
				CLANG_ANALYZER_NUMBER_OBJECT_CONVERSION = YES_AGGRESSIVE;
				CLANG_CXX_LANGUAGE_STANDARD = "gnu++14";
				CLANG_CXX_LIBRARY = "libc++";
				CLANG_ENABLE_MODULES = YES;
				CLANG_ENABLE_OBJC_ARC = YES;
				CLANG_ENABLE_OBJC_WEAK = YES;
				CLANG_WARN_BLOCK_CAPTURE_AUTORELEASING = YES;
				CLANG_WARN_BOOL_CONVERSION = YES;
				CLANG_WARN_COMMA = YES;
				CLANG_WARN_CONSTANT_CONVERSION = YES;
				CLANG_WARN_DEPRECATED_OBJC_IMPLEMENTATIONS = YES;
				CLANG_WARN_DIRECT_OBJC_ISA_USAGE = YES_ERROR;
				CLANG_WARN_DOCUMENTATION_COMMENTS = YES;
				CLANG_WARN_EMPTY_BODY = YES;
				CLANG_WARN_ENUM_CONVERSION = YES;
				CLANG_WARN_INFINITE_RECURSION = YES;
				CLANG_WARN_INT_CONVERSION = YES;
				CLANG_WARN_NON_LITERAL_NULL_CONVERSION = YES;
				CLANG_WARN_OBJC_IMPLICIT_RETAIN_SELF = YES;
				CLANG_WARN_OBJC_LITERAL_CONVERSION = YES;
				CLANG_WARN_OBJC_ROOT_CLASS = YES_ERROR;
				CLANG_WARN_RANGE_LOOP_ANALYSIS = YES;
				CLANG_WARN_STRICT_PROTOTYPES = YES;
				CLANG_WARN_SUSPICIOUS_MOVE = YES;
				CLANG_WARN_UNGUARDED_AVAILABILITY = YES_AGGRESSIVE;
				CLANG_WARN_UNREACHABLE_CODE = YES;
				CLANG_WARN__DUPLICATE_METHOD_MATCH = YES;
				COPY_PHASE_STRIP = NO;
				DEBUG_INFORMATION_FORMAT = dwarf;
				ENABLE_STRICT_OBJC_MSGSEND = YES;
				ENABLE_TESTABILITY = YES;
				GCC_C_LANGUAGE_STANDARD = gnu11;
				GCC_DYNAMIC_NO_PIC = NO;
				GCC_NO_COMMON_BLOCKS = YES;
				GCC_OPTIMIZATION_LEVEL = 0;
				GCC_PREPROCESSOR_DEFINITIONS = (
					"DEBUG=1",
					"$(inherited)",
				);
				GCC_WARN_64_TO_32_BIT_CONVERSION = YES;
				GCC_WARN_ABOUT_RETURN_TYPE = YES_ERROR;
				GCC_WARN_UNDECLARED_SELECTOR = YES;
				GCC_WARN_UNINITIALIZED_AUTOS = YES_AGGRESSIVE;
				GCC_WARN_UNUSED_FUNCTION = YES;
				GCC_WARN_UNUSED_VARIABLE = YES;
				IPHONEOS_DEPLOYMENT_TARGET = 13.2;
				MTL_ENABLE_DEBUG_INFO = INCLUDE_SOURCE;
				MTL_FAST_MATH = YES;
				ONLY_ACTIVE_ARCH = YES;
				SDKROOT = iphoneos;
				SWIFT_ACTIVE_COMPILATION_CONDITIONS = DEBUG;
				SWIFT_OPTIMIZATION_LEVEL = "-Onone";
			};
			name = Debug;
		};
		550D314C23DE3ED900927EA9 /* Release */ = {
			isa = XCBuildConfiguration;
			buildSettings = {
				ALWAYS_SEARCH_USER_PATHS = NO;
				CLANG_ANALYZER_NONNULL = YES;
				CLANG_ANALYZER_NUMBER_OBJECT_CONVERSION = YES_AGGRESSIVE;
				CLANG_CXX_LANGUAGE_STANDARD = "gnu++14";
				CLANG_CXX_LIBRARY = "libc++";
				CLANG_ENABLE_MODULES = YES;
				CLANG_ENABLE_OBJC_ARC = YES;
				CLANG_ENABLE_OBJC_WEAK = YES;
				CLANG_WARN_BLOCK_CAPTURE_AUTORELEASING = YES;
				CLANG_WARN_BOOL_CONVERSION = YES;
				CLANG_WARN_COMMA = YES;
				CLANG_WARN_CONSTANT_CONVERSION = YES;
				CLANG_WARN_DEPRECATED_OBJC_IMPLEMENTATIONS = YES;
				CLANG_WARN_DIRECT_OBJC_ISA_USAGE = YES_ERROR;
				CLANG_WARN_DOCUMENTATION_COMMENTS = YES;
				CLANG_WARN_EMPTY_BODY = YES;
				CLANG_WARN_ENUM_CONVERSION = YES;
				CLANG_WARN_INFINITE_RECURSION = YES;
				CLANG_WARN_INT_CONVERSION = YES;
				CLANG_WARN_NON_LITERAL_NULL_CONVERSION = YES;
				CLANG_WARN_OBJC_IMPLICIT_RETAIN_SELF = YES;
				CLANG_WARN_OBJC_LITERAL_CONVERSION = YES;
				CLANG_WARN_OBJC_ROOT_CLASS = YES_ERROR;
				CLANG_WARN_RANGE_LOOP_ANALYSIS = YES;
				CLANG_WARN_STRICT_PROTOTYPES = YES;
				CLANG_WARN_SUSPICIOUS_MOVE = YES;
				CLANG_WARN_UNGUARDED_AVAILABILITY = YES_AGGRESSIVE;
				CLANG_WARN_UNREACHABLE_CODE = YES;
				CLANG_WARN__DUPLICATE_METHOD_MATCH = YES;
				COPY_PHASE_STRIP = NO;
				DEBUG_INFORMATION_FORMAT = "dwarf-with-dsym";
				ENABLE_NS_ASSERTIONS = NO;
				ENABLE_STRICT_OBJC_MSGSEND = YES;
				GCC_C_LANGUAGE_STANDARD = gnu11;
				GCC_NO_COMMON_BLOCKS = YES;
				GCC_WARN_64_TO_32_BIT_CONVERSION = YES;
				GCC_WARN_ABOUT_RETURN_TYPE = YES_ERROR;
				GCC_WARN_UNDECLARED_SELECTOR = YES;
				GCC_WARN_UNINITIALIZED_AUTOS = YES_AGGRESSIVE;
				GCC_WARN_UNUSED_FUNCTION = YES;
				GCC_WARN_UNUSED_VARIABLE = YES;
				IPHONEOS_DEPLOYMENT_TARGET = 13.2;
				MTL_ENABLE_DEBUG_INFO = NO;
				MTL_FAST_MATH = YES;
				SDKROOT = iphoneos;
				SWIFT_COMPILATION_MODE = wholemodule;
				SWIFT_OPTIMIZATION_LEVEL = "-O";
				VALIDATE_PRODUCT = YES;
			};
			name = Release;
		};
		550D314E23DE3ED900927EA9 /* Debug */ = {
			isa = XCBuildConfiguration;
			baseConfigurationReference = B8D0E84B9D6F4952419D0F0F /* Pods-FocusMode.debug.xcconfig */;
			buildSettings = {
				ASSETCATALOG_COMPILER_APPICON_NAME = AppIcon;
				CODE_SIGN_ENTITLEMENTS = FocusMode/FocusMode.entitlements;
				CODE_SIGN_STYLE = Automatic;
				DEVELOPMENT_TEAM = 2857UKB4VV;
				INFOPLIST_FILE = FocusMode/Info.plist;
				IPHONEOS_DEPLOYMENT_TARGET = 13.2;
				LD_RUNPATH_SEARCH_PATHS = (
					"$(inherited)",
					"@executable_path/Frameworks",
				);
				PRODUCT_BUNDLE_IDENTIFIER = com.mahalrajwinder.FocusMode;
				PRODUCT_NAME = "$(TARGET_NAME)";
				SWIFT_VERSION = 5.0;
				TARGETED_DEVICE_FAMILY = 1;
			};
			name = Debug;
		};
		550D314F23DE3ED900927EA9 /* Release */ = {
			isa = XCBuildConfiguration;
			baseConfigurationReference = 187CCE396F97DE8A1BF16A2D /* Pods-FocusMode.release.xcconfig */;
			buildSettings = {
				ASSETCATALOG_COMPILER_APPICON_NAME = AppIcon;
				CODE_SIGN_ENTITLEMENTS = FocusMode/FocusMode.entitlements;
				CODE_SIGN_STYLE = Automatic;
				DEVELOPMENT_TEAM = 2857UKB4VV;
				INFOPLIST_FILE = FocusMode/Info.plist;
				IPHONEOS_DEPLOYMENT_TARGET = 13.2;
				LD_RUNPATH_SEARCH_PATHS = (
					"$(inherited)",
					"@executable_path/Frameworks",
				);
				PRODUCT_BUNDLE_IDENTIFIER = com.mahalrajwinder.FocusMode;
				PRODUCT_NAME = "$(TARGET_NAME)";
				SWIFT_VERSION = 5.0;
				TARGETED_DEVICE_FAMILY = 1;
			};
			name = Release;
		};
/* End XCBuildConfiguration section */

/* Begin XCConfigurationList section */
		550D313123DE3ED800927EA9 /* Build configuration list for PBXProject "FocusMode" */ = {
			isa = XCConfigurationList;
			buildConfigurations = (
				550D314B23DE3ED900927EA9 /* Debug */,
				550D314C23DE3ED900927EA9 /* Release */,
			);
			defaultConfigurationIsVisible = 0;
			defaultConfigurationName = Release;
		};
		550D314D23DE3ED900927EA9 /* Build configuration list for PBXNativeTarget "FocusMode" */ = {
			isa = XCConfigurationList;
			buildConfigurations = (
				550D314E23DE3ED900927EA9 /* Debug */,
				550D314F23DE3ED900927EA9 /* Release */,
			);
			defaultConfigurationIsVisible = 0;
			defaultConfigurationName = Release;
		};
/* End XCConfigurationList section */

/* Begin XCVersionGroup section */
		550D314223DE3ED800927EA9 /* FocusMode.xcdatamodeld */ = {
			isa = XCVersionGroup;
			children = (
				550D314323DE3ED800927EA9 /* FocusMode.xcdatamodel */,
			);
			currentVersion = 550D314323DE3ED800927EA9 /* FocusMode.xcdatamodel */;
			path = FocusMode.xcdatamodeld;
			sourceTree = "<group>";
			versionGroupType = wrapper.xcdatamodel;
		};
/* End XCVersionGroup section */
	};
	rootObject = 550D312E23DE3ED800927EA9 /* Project object */;
}
